
Microsoft Visual Studio Solution File, Format Version 12.00
Project("{2150E333-8FDC-42A3-9474-1A3956D46DE8}") = "MBoard", "MBoard", "{C82E4D98-C26D-49C0-B770-34860A320EF6}"
EndProject
Project("{FAE04EC0-301F-11D3-BF4B-00C04F79EFBC}") = "Domain", "Domain\Domain.csproj", "{A7C2646A-B386-4AB4-A121-4F9B5049AEEF}"
EndProject
Project("{FAE04EC0-301F-11D3-BF4B-00C04F79EFBC}") = "WebAPI", "WebAPI\WebAPI.csproj", "{CDC31EFE-4269-49CE-86FF-E69344EDC81C}"
EndProject
Project("{FAE04EC0-301F-11D3-BF4B-00C04F79EFBC}") = "Application", "Application\Application.csproj", "{088E6013-2883-4A71-A372-B260CA2F009E}"
EndProject
Project("{FAE04EC0-301F-11D3-BF4B-00C04F79EFBC}") = "FileData", "FileData\FileData.csproj", "{FF9CA744-6156-489C-9D9B-E0E40F431625}"
EndProject
Project("{FAE04EC0-301F-11D3-BF4B-00C04F79EFBC}") = "Blazor", "Blazor\Blazor.csproj", "{02960DEE-C2E8-4828-A724-D8C3D719F704}"
EndProject
Project("{FAE04EC0-301F-11D3-BF4B-00C04F79EFBC}") = "HttpClients", "HttpClients\HttpClients.csproj", "{3D70A621-9A25-427E-A026-2E1219DE07D6}"
EndProject
Project("{FAE04EC0-301F-11D3-BF4B-00C04F79EFBC}") = "EfcDataAccess", "EfcDataAccess\EfcDataAccess.csproj", "{B93371D2-C90E-41F7-9CA6-21CC676FCAF8}"
EndProject
Global
	GlobalSection(SolutionConfigurationPlatforms) = preSolution
		Debug|Any CPU = Debug|Any CPU
		Release|Any CPU = Release|Any CPU
	EndGlobalSection
	GlobalSection(NestedProjects) = preSolution
		{A7C2646A-B386-4AB4-A121-4F9B5049AEEF} = {C82E4D98-C26D-49C0-B770-34860A320EF6}
		{CDC31EFE-4269-49CE-86FF-E69344EDC81C} = {C82E4D98-C26D-49C0-B770-34860A320EF6}
		{088E6013-2883-4A71-A372-B260CA2F009E} = {C82E4D98-C26D-49C0-B770-34860A320EF6}
		{FF9CA744-6156-489C-9D9B-E0E40F431625} = {C82E4D98-C26D-49C0-B770-34860A320EF6}
		{02960DEE-C2E8-4828-A724-D8C3D719F704} = {C82E4D98-C26D-49C0-B770-34860A320EF6}
		{3D70A621-9A25-427E-A026-2E1219DE07D6} = {C82E4D98-C26D-49C0-B770-34860A320EF6}
		{B93371D2-C90E-41F7-9CA6-21CC676FCAF8} = {C82E4D98-C26D-49C0-B770-34860A320EF6}
	EndGlobalSection
	GlobalSection(ProjectConfigurationPlatforms) = postSolution
		{A7C2646A-B386-4AB4-A121-4F9B5049AEEF}.Debug|Any CPU.ActiveCfg = Debug|Any CPU
		{A7C2646A-B386-4AB4-A121-4F9B5049AEEF}.Debug|Any CPU.Build.0 = Debug|Any CPU
		{A7C2646A-B386-4AB4-A121-4F9B5049AEEF}.Release|Any CPU.ActiveCfg = Release|Any CPU
		{A7C2646A-B386-4AB4-A121-4F9B5049AEEF}.Release|Any CPU.Build.0 = Release|Any CPU
		{CDC31EFE-4269-49CE-86FF-E69344EDC81C}.Debug|Any CPU.ActiveCfg = Debug|Any CPU
		{CDC31EFE-4269-49CE-86FF-E69344EDC81C}.Debug|Any CPU.Build.0 = Debug|Any CPU
		{CDC31EFE-4269-49CE-86FF-E69344EDC81C}.Release|Any CPU.ActiveCfg = Release|Any CPU
		{CDC31EFE-4269-49CE-86FF-E69344EDC81C}.Release|Any CPU.Build.0 = Release|Any CPU
		{088E6013-2883-4A71-A372-B260CA2F009E}.Debug|Any CPU.ActiveCfg = Debug|Any CPU
		{088E6013-2883-4A71-A372-B260CA2F009E}.Debug|Any CPU.Build.0 = Debug|Any CPU
		{088E6013-2883-4A71-A372-B260CA2F009E}.Release|Any CPU.ActiveCfg = Release|Any CPU
		{088E6013-2883-4A71-A372-B260CA2F009E}.Release|Any CPU.Build.0 = Release|Any CPU
		{FF9CA744-6156-489C-9D9B-E0E40F431625}.Debug|Any CPU.ActiveCfg = Debug|Any CPU
		{FF9CA744-6156-489C-9D9B-E0E40F431625}.Debug|Any CPU.Build.0 = Debug|Any CPU
		{FF9CA744-6156-489C-9D9B-E0E40F431625}.Release|Any CPU.ActiveCfg = Release|Any CPU
		{FF9CA744-6156-489C-9D9B-E0E40F431625}.Release|Any CPU.Build.0 = Release|Any CPU
		{02960DEE-C2E8-4828-A724-D8C3D719F704}.Debug|Any CPU.ActiveCfg = Debug|Any CPU
		{02960DEE-C2E8-4828-A724-D8C3D719F704}.Debug|Any CPU.Build.0 = Debug|Any CPU
		{02960DEE-C2E8-4828-A724-D8C3D719F704}.Release|Any CPU.ActiveCfg = Release|Any CPU
		{02960DEE-C2E8-4828-A724-D8C3D719F704}.Release|Any CPU.Build.0 = Release|Any CPU
		{3D70A621-9A25-427E-A026-2E1219DE07D6}.Debug|Any CPU.ActiveCfg = Debug|Any CPU
		{3D70A621-9A25-427E-A026-2E1219DE07D6}.Debug|Any CPU.Build.0 = Debug|Any CPU
		{3D70A621-9A25-427E-A026-2E1219DE07D6}.Release|Any CPU.ActiveCfg = Release|Any CPU
		{3D70A621-9A25-427E-A026-2E1219DE07D6}.Release|Any CPU.Build.0 = Release|Any CPU
		{B93371D2-C90E-41F7-9CA6-21CC676FCAF8}.Debug|Any CPU.ActiveCfg = Debug|Any CPU
		{B93371D2-C90E-41F7-9CA6-21CC676FCAF8}.Debug|Any CPU.Build.0 = Debug|Any CPU
		{B93371D2-C90E-41F7-9CA6-21CC676FCAF8}.Release|Any CPU.ActiveCfg = Release|Any CPU
		{B93371D2-C90E-41F7-9CA6-21CC676FCAF8}.Release|Any CPU.Build.0 = Release|Any CPU
	EndGlobalSection
EndGlobal
